
Microsoft Visual Studio Solution File, Format Version 12.00
# Visual Studio Version 17
VisualStudioVersion = 17.4.33213.308
MinimumVisualStudioVersion = 10.0.40219.1
Project("{FAE04EC0-301F-11D3-BF4B-00C04F79EFBC}") = "The Firm", "The Firm.csproj", "{3192502B-8693-4AA2-8F23-C59874F3C513}"
EndProject
Global
	GlobalSection(SolutionConfigurationPlatforms) = preSolution
		Debug|Any CPU = Debug|Any CPU
		Release|Any CPU = Release|Any CPU
	EndGlobalSection
	GlobalSection(ProjectConfigurationPlatforms) = postSolution
		{3192502B-8693-4AA2-8F23-C59874F3C513}.Debug|Any CPU.ActiveCfg = Debug|Any CPU
		{3192502B-8693-4AA2-8F23-C59874F3C513}.Debug|Any CPU.Build.0 = Debug|Any CPU
		{3192502B-8693-4AA2-8F23-C59874F3C513}.Release|Any CPU.ActiveCfg = Release|Any CPU
		{3192502B-8693-4AA2-8F23-C59874F3C513}.Release|Any CPU.Build.0 = Release|Any CPU
	EndGlobalSection
	GlobalSection(SolutionProperties) = preSolution
		HideSolutionNode = FALSE
	EndGlobalSection
	GlobalSection(ExtensibilityGlobals) = postSolution
		SolutionGuid = {4E98B016-F05D-48C4-B2DE-EAD261215055}
	EndGlobalSection
EndGlobal
